
Microsoft Visual Studio Solution File, Format Version 12.00
# Visual Studio 15
VisualStudioVersion = 15.0.27428.2027
MinimumVisualStudioVersion = 10.0.40219.1
Project("{FAE04EC0-301F-11D3-BF4B-00C04F79EFBC}") = "Durstenfeld Algorithm", "Durstenfeld Algorithm\Durstenfeld Algorithm.csproj", "{4850551E-65B4-4F45-A965-69001A44B6A3}"
EndProject
Project("{FAE04EC0-301F-11D3-BF4B-00C04F79EFBC}") = "Durstenfeld Algoritm.TEST", "Durstenfeld Algoritm.TEST\Durstenfeld Algoritm.TEST.csproj", "{082EAEEF-EBA2-4D46-B1C1-E476059FF61F}"
EndProject
Global
	GlobalSection(SolutionConfigurationPlatforms) = preSolution
		Debug|Any CPU = Debug|Any CPU
		Release|Any CPU = Release|Any CPU
	EndGlobalSection
	GlobalSection(ProjectConfigurationPlatforms) = postSolution
		{4850551E-65B4-4F45-A965-69001A44B6A3}.Debug|Any CPU.ActiveCfg = Debug|Any CPU
		{4850551E-65B4-4F45-A965-69001A44B6A3}.Debug|Any CPU.Build.0 = Debug|Any CPU
		{4850551E-65B4-4F45-A965-69001A44B6A3}.Release|Any CPU.ActiveCfg = Release|Any CPU
		{4850551E-65B4-4F45-A965-69001A44B6A3}.Release|Any CPU.Build.0 = Release|Any CPU
		{082EAEEF-EBA2-4D46-B1C1-E476059FF61F}.Debug|Any CPU.ActiveCfg = Debug|Any CPU
		{082EAEEF-EBA2-4D46-B1C1-E476059FF61F}.Debug|Any CPU.Build.0 = Debug|Any CPU
		{082EAEEF-EBA2-4D46-B1C1-E476059FF61F}.Release|Any CPU.ActiveCfg = Release|Any CPU
		{082EAEEF-EBA2-4D46-B1C1-E476059FF61F}.Release|Any CPU.Build.0 = Release|Any CPU
	EndGlobalSection
	GlobalSection(SolutionProperties) = preSolution
		HideSolutionNode = FALSE
	EndGlobalSection
	GlobalSection(ExtensibilityGlobals) = postSolution
		SolutionGuid = {39DF28FD-9C74-4952-B877-D384867C5AC6}
	EndGlobalSection
EndGlobal
